
Microsoft Visual Studio Solution File, Format Version 12.00
# Visual Studio Version 17
VisualStudioVersion = 17.2.32630.192
MinimumVisualStudioVersion = 10.0.40219.1
Project("{FAE04EC0-301F-11D3-BF4B-00C04F79EFBC}") = "SportsCompany.FitnessTracker.DesktopClient", "SportsCompany.FitnessTracker.DesktopClient\SportsCompany.FitnessTracker.DesktopClient.csproj", "{C013C3DE-F4F6-4085-97E1-95D84D6F5082}"
EndProject
Project("{2150E333-8FDC-42A3-9474-1A3956D46DE8}") = "Applications", "Applications", "{1F6D3E4D-5BBB-4C82-BDC6-D7E7472D8EB8}"
EndProject
Project("{2150E333-8FDC-42A3-9474-1A3956D46DE8}") = "Windows", "Windows", "{B5269A96-C0AF-4466-A487-5E8AFB70474D}"
EndProject
Project("{FAE04EC0-301F-11D3-BF4B-00C04F79EFBC}") = "SportsCompany.FitnessTracker.UI.Endurance", "SportsCompany.FitnessTracker.UI.Endurance\SportsCompany.FitnessTracker.UI.Endurance.csproj", "{3A2A47A8-C0E4-418D-8AEF-5B587466901E}"
EndProject
Project("{2150E333-8FDC-42A3-9474-1A3956D46DE8}") = "Framework", "Framework", "{9F41E64C-345F-4CFE-952D-5C52BD3CAA9D}"
EndProject
Project("{9A19103F-16F7-4668-BE54-9A1E7A4F7556}") = "SportsCompany.UIFramework", "SportsCompany.UIFramework\SportsCompany.UIFramework.csproj", "{A957EC1C-CC28-42FB-AA03-B0EF50500550}"
EndProject
Project("{FAE04EC0-301F-11D3-BF4B-00C04F79EFBC}") = "SportsCompany.UIFramework.Windows", "SportsCompany.UIFramework.Windows\SportsCompany.UIFramework.Windows.csproj", "{D442C78F-398C-4AC1-BD0B-074E9E5CED0F}"
EndProject
Project("{FAE04EC0-301F-11D3-BF4B-00C04F79EFBC}") = "SportsCompany.FitnessTracker.Domain", "SportsCompany.FitnessTracker.Domain\SportsCompany.FitnessTracker.Domain.csproj", "{5E2C7039-066B-4951-A448-2AA60B6DC97B}"
EndProject
Project("{FAE04EC0-301F-11D3-BF4B-00C04F79EFBC}") = "SportsCompany.FitnessTracker.DependencyInjection", "SportsCompany.FitnessTracker.DependencyInjection\SportsCompany.FitnessTracker.DependencyInjection.csproj", "{7901912C-0B2F-41BF-AABE-479041902EF8}"
EndProject
Global
	GlobalSection(SolutionConfigurationPlatforms) = preSolution
		Debug|Any CPU = Debug|Any CPU
		Release|Any CPU = Release|Any CPU
	EndGlobalSection
	GlobalSection(ProjectConfigurationPlatforms) = postSolution
		{C013C3DE-F4F6-4085-97E1-95D84D6F5082}.Debug|Any CPU.ActiveCfg = Debug|Any CPU
		{C013C3DE-F4F6-4085-97E1-95D84D6F5082}.Debug|Any CPU.Build.0 = Debug|Any CPU
		{C013C3DE-F4F6-4085-97E1-95D84D6F5082}.Release|Any CPU.ActiveCfg = Release|Any CPU
		{C013C3DE-F4F6-4085-97E1-95D84D6F5082}.Release|Any CPU.Build.0 = Release|Any CPU
		{3A2A47A8-C0E4-418D-8AEF-5B587466901E}.Debug|Any CPU.ActiveCfg = Debug|Any CPU
		{3A2A47A8-C0E4-418D-8AEF-5B587466901E}.Debug|Any CPU.Build.0 = Debug|Any CPU
		{3A2A47A8-C0E4-418D-8AEF-5B587466901E}.Release|Any CPU.ActiveCfg = Release|Any CPU
		{3A2A47A8-C0E4-418D-8AEF-5B587466901E}.Release|Any CPU.Build.0 = Release|Any CPU
		{A957EC1C-CC28-42FB-AA03-B0EF50500550}.Debug|Any CPU.ActiveCfg = Debug|Any CPU
		{A957EC1C-CC28-42FB-AA03-B0EF50500550}.Debug|Any CPU.Build.0 = Debug|Any CPU
		{A957EC1C-CC28-42FB-AA03-B0EF50500550}.Release|Any CPU.ActiveCfg = Release|Any CPU
		{A957EC1C-CC28-42FB-AA03-B0EF50500550}.Release|Any CPU.Build.0 = Release|Any CPU
		{D442C78F-398C-4AC1-BD0B-074E9E5CED0F}.Debug|Any CPU.ActiveCfg = Debug|Any CPU
		{D442C78F-398C-4AC1-BD0B-074E9E5CED0F}.Debug|Any CPU.Build.0 = Debug|Any CPU
		{D442C78F-398C-4AC1-BD0B-074E9E5CED0F}.Release|Any CPU.ActiveCfg = Release|Any CPU
		{D442C78F-398C-4AC1-BD0B-074E9E5CED0F}.Release|Any CPU.Build.0 = Release|Any CPU
		{5E2C7039-066B-4951-A448-2AA60B6DC97B}.Debug|Any CPU.ActiveCfg = Debug|Any CPU
		{5E2C7039-066B-4951-A448-2AA60B6DC97B}.Debug|Any CPU.Build.0 = Debug|Any CPU
		{5E2C7039-066B-4951-A448-2AA60B6DC97B}.Release|Any CPU.ActiveCfg = Release|Any CPU
		{5E2C7039-066B-4951-A448-2AA60B6DC97B}.Release|Any CPU.Build.0 = Release|Any CPU
		{7901912C-0B2F-41BF-AABE-479041902EF8}.Debug|Any CPU.ActiveCfg = Debug|Any CPU
		{7901912C-0B2F-41BF-AABE-479041902EF8}.Debug|Any CPU.Build.0 = Debug|Any CPU
		{7901912C-0B2F-41BF-AABE-479041902EF8}.Release|Any CPU.ActiveCfg = Release|Any CPU
		{7901912C-0B2F-41BF-AABE-479041902EF8}.Release|Any CPU.Build.0 = Release|Any CPU
	EndGlobalSection
	GlobalSection(SolutionProperties) = preSolution
		HideSolutionNode = FALSE
	EndGlobalSection
	GlobalSection(NestedProjects) = preSolution
		{C013C3DE-F4F6-4085-97E1-95D84D6F5082} = {B5269A96-C0AF-4466-A487-5E8AFB70474D}
		{B5269A96-C0AF-4466-A487-5E8AFB70474D} = {1F6D3E4D-5BBB-4C82-BDC6-D7E7472D8EB8}
		{3A2A47A8-C0E4-418D-8AEF-5B587466901E} = {B5269A96-C0AF-4466-A487-5E8AFB70474D}
		{9F41E64C-345F-4CFE-952D-5C52BD3CAA9D} = {1F6D3E4D-5BBB-4C82-BDC6-D7E7472D8EB8}
		{A957EC1C-CC28-42FB-AA03-B0EF50500550} = {9F41E64C-345F-4CFE-952D-5C52BD3CAA9D}
		{D442C78F-398C-4AC1-BD0B-074E9E5CED0F} = {9F41E64C-345F-4CFE-952D-5C52BD3CAA9D}
		{5E2C7039-066B-4951-A448-2AA60B6DC97B} = {1F6D3E4D-5BBB-4C82-BDC6-D7E7472D8EB8}
		{7901912C-0B2F-41BF-AABE-479041902EF8} = {9F41E64C-345F-4CFE-952D-5C52BD3CAA9D}
	EndGlobalSection
	GlobalSection(ExtensibilityGlobals) = postSolution
		SolutionGuid = {DD1E40FD-8746-4397-9E2B-D283B9528BB3}
	EndGlobalSection
EndGlobal
